lockfileVersion: '9.0'

settings:
  autoInstallPeers: true
  excludeLinksFromLockfile: false

importers:

  .:
    devDependencies:
      typescript:
        specifier: ^5.8.0
        version: 5.9.3

  packages/agent:
    dependencies:
      '@ai-editor/llm':
        specifier: workspace:*
        version: link:../llm
      '@ai-editor/shared':
        specifier: workspace:*
        version: link:../shared
      '@ai-editor/tools':
        specifier: workspace:*
        version: link:../tools
    devDependencies:
      typescript:
        specifier: ^5.8.0
        version: 5.9.3

  packages/client:
    dependencies:
      '@ai-editor/shared':
        specifier: workspace:*
        version: link:../shared
      react:
        specifier: ^19.0.0
        version: 19.2.8
      zustand:
        specifier: ^5.0.0
        version: 5.0.14(react@19.2.8)
    devDependencies:
      typescript:
        specifier: ^5.8.0
        version: 5.9.3

  packages/db:
    dependencies:
      '@ai-editor/shared':
        specifier: workspace:*
        version: link:../shared
      better-sqlite3:
        specifier: ^13.0.0
        version: 13.0.2
    devDependencies:
      typescript:
        specifier: ^5.8.0
        version: 5.9.3

  packages/llm:
    dependencies:
      '@ai-editor/shared':
        specifier: workspace:*
        version: link:../shared
    devDependencies:
      typescript:
        specifier: ^5.8.0
        version: 5.9.3

  packages/server:
    dependencies:
      '@ai-editor/agent':
        specifier: workspace:*
        version: link:../agent
      '@ai-editor/db':
        specifier: workspace:*
        version: link:../db
      '@ai-editor/shared':
        specifier: workspace:*
        version: link:../shared
      hono:
        specifier: ^4.7.0
        version: 4.12.32
    devDependencies:
      typescript:
        specifier: ^5.8.0
        version: 5.9.3

  packages/shared:
    dependencies:
      nanoid:
        specifier: ^5.1.0
        version: 5.1.16
      zod:
        specifier: ^4.0.0
        version: 4.4.3
    devDependencies:
      typescript:
        specifier: ^5.8.0
        version: 5.9.3

  packages/tools:
    dependencies:
      '@ai-editor/db':
        specifier: workspace:*
        version: link:../db
      '@ai-editor/shared':
        specifier: workspace:*
        version: link:../shared
    devDependencies:
      typescript:
        specifier: ^5.8.0
        version: 5.9.3

packages:

  better-sqlite3@13.0.2:
    resolution: {integrity: sha512-jW6oufeDhXZaiX9Lw5A+oerVClx4iFrI6uDj1zu7SqUAjak9vbJvA0NEcKLNxHiQHb6kYCoFzzXYV0YOauhV3g==}
    engines: {node: '>=22'}

  hono@4.12.32:
    resolution: {integrity: sha512-XcuyW9qE2kJn07PkecMOBd5Vq/hMy7mmGw+idz1yblbg9N17ijJODrvPkn7/dwL3Kulj8LcRJ69DLOWf91dRUg==}
    engines: {node: '>=16.9.0'}

  nanoid@5.1.16:
    resolution: {integrity: sha512-kVrnsrJqMR8+oLJnGEmSWw9BivK5mt7H3FZatVRjrc5wGqFYuBxX1yG7+A7Gi5AefkX6t/oCkizcQgpu0cY1dQ==}
    engines: {node: ^18 || >=20}
    hasBin: true

  node-addon-api@8.9.0:
    resolution: {integrity: sha512-ekZMeaaIzSQTSpr7X2X3iJM7lTzgnx8ahAG9pJfT/7+14mlEM8ZYQ9cgCDvSSRbReFK0oHli3WrZdCiRsgAT9Q==}
    engines: {node: ^18 || ^20 || >= 21}

  react@19.2.8:
    resolution: {integrity: sha512-PWaYA1L/q9u2u7xYQi+Y3L3Yfnie7XyLeaJICV1MGD6LprsBxcAqGjYyr0eY3p+QdsA+x/Irkt4Qif8D63+Sbw==}
    engines: {node: '>=0.10.0'}

  typescript@5.9.3:
    resolution: {integrity: sha512-jl1vZzPDinLr9eUt3J/t7V6FgNEw9QjvBPdysz9KfQDD41fQrC2Y4vKQdiaUpFT4bXlb1RHhLpp8wtm6M5TgSw==}
    engines: {node: '>=14.17'}
    hasBin: true

  zod@4.4.3:
    resolution: {integrity: sha512-ytENFjIJFl2UwYglde2jchW2Hwm4GJFLDiSXWdTrJQBIN9Fcyp7n4DhxJEiWNAJMV1/BqWfW/kkg71UDcHJyTQ==}

  zustand@5.0.14:
    resolution: {integrity: sha512-/8tAspM5LMPr28b3fwLYrtdj77ECpfZviaP75CMTnwO8ISyaE4GDIG/9rDDYq/cH9D2Xw2A2RXglLInmVBQB/g==}
    engines: {node: '>=12.20.0'}
    peerDependencies:
      '@types/react': '>=18.0.0'
      immer: '>=9.0.6'
      react: '>=18.0.0'
      use-sync-external-store: '>=1.2.0'
    peerDependenciesMeta:
      '@types/react':
        optional: true
      immer:
        optional: true
      react:
        optional: true
      use-sync-external-store:
        optional: true

snapshots:

  better-sqlite3@13.0.2:
    dependencies:
      node-addon-api: 8.9.0

  hono@4.12.32: {}

  nanoid@5.1.16: {}

  node-addon-api@8.9.0: {}

  react@19.2.8: {}

  typescript@5.9.3: {}

  zod@4.4.3: {}

  zustand@5.0.14(react@19.2.8):
    optionalDependencies:
      react: 19.2.8
